
Microsoft Visual Studio Solution File, Format Version 12.00
# Visual Studio Version 16
VisualStudioVersion = 16.0.29806.167
MinimumVisualStudioVersion = 10.0.40219.1
Project("{8BC9CEB8-8B4A-11D0-8D11-00A0C91BC942}") = "MFC5课堂1", "MFC5课堂1\MFC5课堂1.vcxproj", "{13952BBD-0B52-4BA1-A88F-1ED0C52766B1}"
EndProject
Global
	GlobalSection(SolutionConfigurationPlatforms) = preSolution
		Debug|x64 = Debug|x64
		Debug|x86 = Debug|x86
		Release|x64 = Release|x64
		Release|x86 = Release|x86
	EndGlobalSection
	GlobalSection(ProjectConfigurationPlatforms) = postSolution
		{13952BBD-0B52-4BA1-A88F-1ED0C52766B1}.Debug|x64.ActiveCfg = Debug|x64
		{13952BBD-0B52-4BA1-A88F-1ED0C52766B1}.Debug|x64.Build.0 = Debug|x64
		{13952BBD-0B52-4BA1-A88F-1ED0C52766B1}.Debug|x86.ActiveCfg = Debug|Win32
		{13952BBD-0B52-4BA1-A88F-1ED0C52766B1}.Debug|x86.Build.0 = Debug|Win32
		{13952BBD-0B52-4BA1-A88F-1ED0C52766B1}.Release|x64.ActiveCfg = Release|x64
		{13952BBD-0B52-4BA1-A88F-1ED0C52766B1}.Release|x64.Build.0 = Release|x64
		{13952BBD-0B52-4BA1-A88F-1ED0C52766B1}.Release|x86.ActiveCfg = Release|Win32
		{13952BBD-0B52-4BA1-A88F-1ED0C52766B1}.Release|x86.Build.0 = Release|Win32
	EndGlobalSection
	GlobalSection(SolutionProperties) = preSolution
		HideSolutionNode = FALSE
	EndGlobalSection
	GlobalSection(ExtensibilityGlobals) = postSolution
		SolutionGuid = {FA7FB2BC-BECF-49DF-BD4C-2D68CA293189}
	EndGlobalSection
EndGlobal
